
Microsoft Visual Studio Solution File, Format Version 12.00
# Visual Studio Version 17
VisualStudioVersion = 17.7.34031.279
MinimumVisualStudioVersion = 10.0.40219.1
Project("{FAE04EC0-301F-11D3-BF4B-00C04F79EFBC}") = "az204practiceapp", "az204practiceapp\az204practiceapp.csproj", "{2FFB3224-A6D3-40CD-A70F-4D267674BABF}"
EndProject
Global
	GlobalSection(SolutionConfigurationPlatforms) = preSolution
		Debug|Any CPU = Debug|Any CPU
		Release|Any CPU = Release|Any CPU
	EndGlobalSection
	GlobalSection(ProjectConfigurationPlatforms) = postSolution
		{2FFB3224-A6D3-40CD-A70F-4D267674BABF}.Debug|Any CPU.ActiveCfg = Debug|Any CPU
		{2FFB3224-A6D3-40CD-A70F-4D267674BABF}.Debug|Any CPU.Build.0 = Debug|Any CPU
		{2FFB3224-A6D3-40CD-A70F-4D267674BABF}.Release|Any CPU.ActiveCfg = Release|Any CPU
		{2FFB3224-A6D3-40CD-A70F-4D267674BABF}.Release|Any CPU.Build.0 = Release|Any CPU
	EndGlobalSection
	GlobalSection(SolutionProperties) = preSolution
		HideSolutionNode = FALSE
	EndGlobalSection
	GlobalSection(ExtensibilityGlobals) = postSolution
		SolutionGuid = {6320C230-1C81-424E-84FB-ED381865D0D9}
	EndGlobalSection
EndGlobal
